// !$*UTF8*$!
{
	archiveVersion = 1;
	classes = {
	};
	objectVersion = 50;
	objects = {

/* Begin PBXBuildFile section */
		17BA1CB1228F045E003B6A63 /* AppDelegate.swift in Sources */ = {isa = PBXBuildFile; fileRef = 17BA1CB0228F045E003B6A63 /* AppDelegate.swift */; };
		17BA1CB6228F045E003B6A63 /* Main.storyboard in Resources */ = {isa = PBXBuildFile; fileRef = 17BA1CB4228F045E003B6A63 /* Main.storyboard */; };
		17BA1CB9228F045E003B6A63 /* MovieSearch.xcdatamodeld in Sources */ = {isa = PBXBuildFile; fileRef = 17BA1CB7228F045E003B6A63 /* MovieSearch.xcdatamodeld */; };
		17BA1CBB228F045F003B6A63 /* Assets.xcassets in Resources */ = {isa = PBXBuildFile; fileRef = 17BA1CBA228F045F003B6A63 /* Assets.xcassets */; };
		17BA1CBE228F045F003B6A63 /* LaunchScreen.storyboard in Resources */ = {isa = PBXBuildFile; fileRef = 17BA1CBC228F045F003B6A63 /* LaunchScreen.storyboard */; };
		17BA1CC6228F0690003B6A63 /* MovieListTableViewController.swift in Sources */ = {isa = PBXBuildFile; fileRef = 17BA1CC5228F0690003B6A63 /* MovieListTableViewController.swift */; };
		17BA1CC9228F0927003B6A63 /* MovieTableViewCell.swift in Sources */ = {isa = PBXBuildFile; fileRef = 17BA1CC8228F0927003B6A63 /* MovieTableViewCell.swift */; };
		17BA1CCC228F09FE003B6A63 /* Movie.swift in Sources */ = {isa = PBXBuildFile; fileRef = 17BA1CCB228F09FE003B6A63 /* Movie.swift */; };
		17BA1CCF228F0C9F003B6A63 /* MovieController.swift in Sources */ = {isa = PBXBuildFile; fileRef = 17BA1CCE228F0C9F003B6A63 /* MovieController.swift */; };
		17BA1CD2228F1AAB003B6A63 /* MovieDetailViewController.swift in Sources */ = {isa = PBXBuildFile; fileRef = 17BA1CD1228F1AAB003B6A63 /* MovieDetailViewController.swift */; };
		17BA1CD4228F27AE003B6A63 /* FavoritesTableViewController.swift in Sources */ = {isa = PBXBuildFile; fileRef = 17BA1CD3228F27AE003B6A63 /* FavoritesTableViewController.swift */; };
/* End PBXBuildFile section */

/* Begin PBXFileReference section */
		17BA1CAD228F045E003B6A63 /* MovieSearch.app */ = {isa = PBXFileReference; explicitFileType = wrapper.application; includeInIndex = 0; path = MovieSearch.app; sourceTree = BUILT_PRODUCTS_DIR; };
		17BA1CB0228F045E003B6A63 /* AppDelegate.swift */ = {isa = PBXFileReference; lastKnownFileType = sourcecode.swift; path = AppDelegate.swift; sourceTree = "<group>"; };
		17BA1CB5228F045E003B6A63 /* Base */ = {isa = PBXFileReference; lastKnownFileType = file.storyboard; name = Base; path = Base.lproj/Main.storyboard; sourceTree = "<group>"; };
		17BA1CB8228F045E003B6A63 /* MovieSearch.xcdatamodel */ = {isa = PBXFileReference; lastKnownFileType = wrapper.xcdatamodel; path = MovieSearch.xcdatamodel; sourceTree = "<group>"; };
		17BA1CBA228F045F003B6A63 /* Assets.xcassets */ = {isa = PBXFileReference; lastKnownFileType = folder.assetcatalog; path = Assets.xcassets; sourceTree = "<group>"; };
		17BA1CBD228F045F003B6A63 /* Base */ = {isa = PBXFileReference; lastKnownFileType = file.storyboard; name = Base; path = Base.lproj/LaunchScreen.storyboard; sourceTree = "<group>"; };
		17BA1CBF228F045F003B6A63 /* Info.plist */ = {isa = PBXFileReference; lastKnownFileType = text.plist.xml; path = Info.plist; sourceTree = "<group>"; };
		17BA1CC5228F0690003B6A63 /* MovieListTableViewController.swift */ = {isa = PBXFileReference; lastKnownFileType = sourcecode.swift; path = MovieListTableViewController.swift; sourceTree = "<group>"; };
		17BA1CC8228F0927003B6A63 /* MovieTableViewCell.swift */ = {isa = PBXFileReference; lastKnownFileType = sourcecode.swift; path = MovieTableViewCell.swift; sourceTree = "<group>"; };
		17BA1CCB228F09FE003B6A63 /* Movie.swift */ = {isa = PBXFileReference; lastKnownFileType = sourcecode.swift; path = Movie.swift; sourceTree = "<group>"; };
		17BA1CCE228F0C9F003B6A63 /* MovieController.swift */ = {isa = PBXFileReference; lastKnownFileType = sourcecode.swift; path = MovieController.swift; sourceTree = "<group>"; };
		17BA1CD1228F1AAB003B6A63 /* MovieDetailViewController.swift */ = {isa = PBXFileReference; lastKnownFileType = sourcecode.swift; path = MovieDetailViewController.swift; sourceTree = "<group>"; };
		17BA1CD3228F27AE003B6A63 /* FavoritesTableViewController.swift */ = {isa = PBXFileReference; lastKnownFileType = sourcecode.swift; path = FavoritesTableViewController.swift; sourceTree = "<group>"; };
/* End PBXFileReference section */

/* Begin PBXFrameworksBuildPhase section */
		17BA1CAA228F045E003B6A63 /* Frameworks */ = {
			isa = PBXFrameworksBuildPhase;
			buildActionMask = 2147483647;
			files = (
			);
			runOnlyForDeploymentPostprocessing = 0;
		};
/* End PBXFrameworksBuildPhase section */

/* Begin PBXGroup section */
		17BA1CA4228F045E003B6A63 = {
			isa = PBXGroup;
			children = (
				17BA1CAF228F045E003B6A63 /* MovieSearch */,
				17BA1CAE228F045E003B6A63 /* Products */,
			);
			sourceTree = "<group>";
		};
		17BA1CAE228F045E003B6A63 /* Products */ = {
			isa = PBXGroup;
			children = (
				17BA1CAD228F045E003B6A63 /* MovieSearch.app */,
			);
			name = Products;
			sourceTree = "<group>";
		};
		17BA1CAF228F045E003B6A63 /* MovieSearch */ = {
			isa = PBXGroup;
			children = (
				17BA1CB0228F045E003B6A63 /* AppDelegate.swift */,
				17BA1CB4228F045E003B6A63 /* Main.storyboard */,
				17BA1CBA228F045F003B6A63 /* Assets.xcassets */,
				17BA1CBC228F045F003B6A63 /* LaunchScreen.storyboard */,
				17BA1CCD228F0A01003B6A63 /* Model */,
				17BA1CCA228F09A7003B6A63 /* Views */,
				17BA1CC7228F08E4003B6A63 /* View Controller */,
				17BA1CD0228F0CA8003B6A63 /* Model Controller */,
				17BA1CBF228F045F003B6A63 /* Info.plist */,
				17BA1CB7228F045E003B6A63 /* MovieSearch.xcdatamodeld */,
			);
			path = MovieSearch;
			sourceTree = "<group>";
		};
		17BA1CC7228F08E4003B6A63 /* View Controller */ = {
			isa = PBXGroup;
			children = (
				17BA1CC5228F0690003B6A63 /* MovieListTableViewController.swift */,
				17BA1CD3228F27AE003B6A63 /* FavoritesTableViewController.swift */,
				17BA1CD1228F1AAB003B6A63 /* MovieDetailViewController.swift */,
			);
			path = "View Controller";
			sourceTree = "<group>";
		};
		17BA1CCA228F09A7003B6A63 /* Views */ = {
			isa = PBXGroup;
			children = (
				17BA1CC8228F0927003B6A63 /* MovieTableViewCell.swift */,
			);
			path = Views;
			sourceTree = "<group>";
		};
		17BA1CCD228F0A01003B6A63 /* Model */ = {
			isa = PBXGroup;
			children = (
				17BA1CCB228F09FE003B6A63 /* Movie.swift */,
			);
			path = Model;
			sourceTree = "<group>";
		};
		17BA1CD0228F0CA8003B6A63 /* Model Controller */ = {
			isa = PBXGroup;
			children = (
				17BA1CCE228F0C9F003B6A63 /* MovieController.swift */,
			);
			path = "Model Controller";
			sourceTree = "<group>";
		};
/* End PBXGroup section */

/* Begin PBXNativeTarget section */
		17BA1CAC228F045E003B6A63 /* MovieSearch */ = {
			isa = PBXNativeTarget;
			buildConfigurationList = 17BA1CC2228F045F003B6A63 /* Build configuration list for PBXNativeTarget "MovieSearch" */;
			buildPhases = (
				17BA1CA9228F045E003B6A63 /* Sources */,
				17BA1CAA228F045E003B6A63 /* Frameworks */,
				17BA1CAB228F045E003B6A63 /* Resources */,
			);
			buildRules = (
			);
			dependencies = (
			);
			name = MovieSearch;
			productName = MovieSearch;
			productReference = 17BA1CAD228F045E003B6A63 /* MovieSearch.app */;
			productType = "com.apple.product-type.application";
		};
/* End PBXNativeTarget section */

/* Begin PBXProject section */
		17BA1CA5228F045E003B6A63 /* Project object */ = {
			isa = PBXProject;
			attributes = {
				LastSwiftUpdateCheck = 1020;
				LastUpgradeCheck = 1020;
				ORGANIZATIONNAME = HaleyJones;
				TargetAttributes = {
					17BA1CAC228F045E003B6A63 = {
						CreatedOnToolsVersion = 10.2.1;
					};
				};
			};
			buildConfigurationList = 17BA1CA8228F045E003B6A63 /* Build configuration list for PBXProject "MovieSearch" */;
			compatibilityVersion = "Xcode 9.3";
			developmentRegion = en;
			hasScannedForEncodings = 0;
			knownRegions = (
				en,
				Base,
			);
			mainGroup = 17BA1CA4228F045E003B6A63;
			productRefGroup = 17BA1CAE228F045E003B6A63 /* Products */;
			projectDirPath = "";
			projectRoot = "";
			targets = (
				17BA1CAC228F045E003B6A63 /* MovieSearch */,
			);
		};
/* End PBXProject section */

/* Begin PBXResourcesBuildPhase section */
		17BA1CAB228F045E003B6A63 /* Resources */ = {
			isa = PBXResourcesBuildPhase;
			buildActionMask = 2147483647;
			files = (
				17BA1CBE228F045F003B6A63 /* LaunchScreen.storyboard in Resources */,
				17BA1CBB228F045F003B6A63 /* Assets.xcassets in Resources */,
				17BA1CB6228F045E003B6A63 /* Main.storyboard in Resources */,
			);
			runOnlyForDeploymentPostprocessing = 0;
		};
/* End PBXResourcesBuildPhase section */

/* Begin PBXSourcesBuildPhase section */
		17BA1CA9228F045E003B6A63 /* Sources */ = {
			isa = PBXSourcesBuildPhase;
			buildActionMask = 2147483647;
			files = (
				17BA1CCF228F0C9F003B6A63 /* MovieController.swift in Sources */,
				17BA1CC6228F0690003B6A63 /* MovieListTableViewController.swift in Sources */,
				17BA1CB9228F045E003B6A63 /* MovieSearch.xcdatamodeld in Sources */,
				17BA1CD4228F27AE003B6A63 /* FavoritesTableViewController.swift in Sources */,
				17BA1CC9228F0927003B6A63 /* MovieTableViewCell.swift in Sources */,
				17BA1CD2228F1AAB003B6A63 /* MovieDetailViewController.swift in Sources */,
				17BA1CB1228F045E003B6A63 /* AppDelegate.swift in Sources */,
				17BA1CCC228F09FE003B6A63 /* Movie.swift in Sources */,
			);
			runOnlyForDeploymentPostprocessing = 0;
		};
/* End PBXSourcesBuildPhase section */

/* Begin PBXVariantGroup section */
		17BA1CB4228F045E003B6A63 /* Main.storyboard */ = {
			isa = PBXVariantGroup;
			children = (
				17BA1CB5228F045E003B6A63 /* Base */,
			);
			name = Main.storyboard;
			sourceTree = "<group>";
		};
		17BA1CBC228F045F003B6A63 /* LaunchScreen.storyboard */ = {
			isa = PBXVariantGroup;
			children = (
				17BA1CBD228F045F003B6A63 /* Base */,
			);
			name = LaunchScreen.storyboard;
			sourceTree = "<group>";
		};
/* End PBXVariantGroup section */

/* Begin XCBuildConfiguration section */
		17BA1CC0228F045F003B6A63 /* Debug */ = {
			isa = XCBuildConfiguration;
			buildSettings = {
				ALWAYS_SEARCH_USER_PATHS = NO;
				CLANG_ANALYZER_NONNULL = YES;
				CLANG_ANALYZER_NUMBER_OBJECT_CONVERSION = YES_AGGRESSIVE;
				CLANG_CXX_LANGUAGE_STANDARD = "gnu++14";
				CLANG_CXX_LIBRARY = "libc++";
				CLANG_ENABLE_MODULES = YES;
				CLANG_ENABLE_OBJC_ARC = YES;
				CLANG_ENABLE_OBJC_WEAK = YES;
				CLANG_WARN_BLOCK_CAPTURE_AUTORELEASING = YES;
				CLANG_WARN_BOOL_CONVERSION = YES;
				CLANG_WARN_COMMA = YES;
				CLANG_WARN_CONSTANT_CONVERSION = YES;
				CLANG_WARN_DEPRECATED_OBJC_IMPLEMENTATIONS = YES;
				CLANG_WARN_DIRECT_OBJC_ISA_USAGE = YES_ERROR;
				CLANG_WARN_DOCUMENTATION_COMMENTS = YES;
				CLANG_WARN_EMPTY_BODY = YES;
				CLANG_WARN_ENUM_CONVERSION = YES;
				CLANG_WARN_INFINITE_RECURSION = YES;
				CLANG_WARN_INT_CONVERSION = YES;
				CLANG_WARN_NON_LITERAL_NULL_CONVERSION = YES;
				CLANG_WARN_OBJC_IMPLICIT_RETAIN_SELF = YES;
				CLANG_WARN_OBJC_LITERAL_CONVERSION = YES;
				CLANG_WARN_OBJC_ROOT_CLASS = YES_ERROR;
				CLANG_WARN_RANGE_LOOP_ANALYSIS = YES;
				CLANG_WARN_STRICT_PROTOTYPES = YES;
				CLANG_WARN_SUSPICIOUS_MOVE = YES;
				CLANG_WARN_UNGUARDED_AVAILABILITY = YES_AGGRESSIVE;
				CLANG_WARN_UNREACHABLE_CODE = YES;
				CLANG_WARN__DUPLICATE_METHOD_MATCH = YES;
				CODE_SIGN_IDENTITY = "iPhone Developer";
				COPY_PHASE_STRIP = NO;
				DEBUG_INFORMATION_FORMAT = dwarf;
				ENABLE_STRICT_OBJC_MSGSEND = YES;
				ENABLE_TESTABILITY = YES;
				GCC_C_LANGUAGE_STANDARD = gnu11;
				GCC_DYNAMIC_NO_PIC = NO;
				GCC_NO_COMMON_BLOCKS = YES;
				GCC_OPTIMIZATION_LEVEL = 0;
				GCC_PREPROCESSOR_DEFINITIONS = (
					"DEBUG=1",
					"$(inherited)",
				);
				GCC_WARN_64_TO_32_BIT_CONVERSION = YES;
				GCC_WARN_ABOUT_RETURN_TYPE = YES_ERROR;
				GCC_WARN_UNDECLARED_SELECTOR = YES;
				GCC_WARN_UNINITIALIZED_AUTOS = YES_AGGRESSIVE;
				GCC_WARN_UNUSED_FUNCTION = YES;
				GCC_WARN_UNUSED_VARIABLE = YES;
				IPHONEOS_DEPLOYMENT_TARGET = 12.2;
				MTL_ENABLE_DEBUG_INFO = INCLUDE_SOURCE;
				MTL_FAST_MATH = YES;
				ONLY_ACTIVE_ARCH = YES;
				SDKROOT = iphoneos;
				SWIFT_ACTIVE_COMPILATION_CONDITIONS = DEBUG;
				SWIFT_OPTIMIZATION_LEVEL = "-Onone";
			};
			name = Debug;
		};
		17BA1CC1228F045F003B6A63 /* Release */ = {
			isa = XCBuildConfiguration;
			buildSettings = {
				ALWAYS_SEARCH_USER_PATHS = NO;
				CLANG_ANALYZER_NONNULL = YES;
				CLANG_ANALYZER_NUMBER_OBJECT_CONVERSION = YES_AGGRESSIVE;
				CLANG_CXX_LANGUAGE_STANDARD = "gnu++14";
				CLANG_CXX_LIBRARY = "libc++";
				CLANG_ENABLE_MODULES = YES;
				CLANG_ENABLE_OBJC_ARC = YES;
				CLANG_ENABLE_OBJC_WEAK = YES;
				CLANG_WARN_BLOCK_CAPTURE_AUTORELEASING = YES;
				CLANG_WARN_BOOL_CONVERSION = YES;
				CLANG_WARN_COMMA = YES;
				CLANG_WARN_CONSTANT_CONVERSION = YES;
				CLANG_WARN_DEPRECATED_OBJC_IMPLEMENTATIONS = YES;
				CLANG_WARN_DIRECT_OBJC_ISA_USAGE = YES_ERROR;
				CLANG_WARN_DOCUMENTATION_COMMENTS = YES;
				CLANG_WARN_EMPTY_BODY = YES;
				CLANG_WARN_ENUM_CONVERSION = YES;
				CLANG_WARN_INFINITE_RECURSION = YES;
				CLANG_WARN_INT_CONVERSION = YES;
				CLANG_WARN_NON_LITERAL_NULL_CONVERSION = YES;
				CLANG_WARN_OBJC_IMPLICIT_RETAIN_SELF = YES;
				CLANG_WARN_OBJC_LITERAL_CONVERSION = YES;
				CLANG_WARN_OBJC_ROOT_CLASS = YES_ERROR;
				CLANG_WARN_RANGE_LOOP_ANALYSIS = YES;
				CLANG_WARN_STRICT_PROTOTYPES = YES;
				CLANG_WARN_SUSPICIOUS_MOVE = YES;
				CLANG_WARN_UNGUARDED_AVAILABILITY = YES_AGGRESSIVE;
				CLANG_WARN_UNREACHABLE_CODE = YES;
				CLANG_WARN__DUPLICATE_METHOD_MATCH = YES;
				CODE_SIGN_IDENTITY = "iPhone Developer";
				COPY_PHASE_STRIP = NO;
				DEBUG_INFORMATION_FORMAT = "dwarf-with-dsym";
				ENABLE_NS_ASSERTIONS = NO;
				ENABLE_STRICT_OBJC_MSGSEND = YES;
				GCC_C_LANGUAGE_STANDARD = gnu11;
				GCC_NO_COMMON_BLOCKS = YES;
				GCC_WARN_64_TO_32_BIT_CONVERSION = YES;
				GCC_WARN_ABOUT_RETURN_TYPE = YES_ERROR;
				GCC_WARN_UNDECLARED_SELECTOR = YES;
				GCC_WARN_UNINITIALIZED_AUTOS = YES_AGGRESSIVE;
				GCC_WARN_UNUSED_FUNCTION = YES;
				GCC_WARN_UNUSED_VARIABLE = YES;
				IPHONEOS_DEPLOYMENT_TARGET = 12.2;
				MTL_ENABLE_DEBUG_INFO = NO;
				MTL_FAST_MATH = YES;
				SDKROOT = iphoneos;
				SWIFT_COMPILATION_MODE = wholemodule;
				SWIFT_OPTIMIZATION_LEVEL = "-O";
				VALIDATE_PRODUCT = YES;
			};
			name = Release;
		};
		17BA1CC3228F045F003B6A63 /* Debug */ = {
			isa = XCBuildConfiguration;
			buildSettings = {
				ASSETCATALOG_COMPILER_APPICON_NAME = AppIcon;
				CODE_SIGN_STYLE = Automatic;
				DEVELOPMENT_TEAM = 39YHWYH93Z;
				INFOPLIST_FILE = MovieSearch/Info.plist;
				LD_RUNPATH_SEARCH_PATHS = (
					"$(inherited)",
					"@executable_path/Frameworks",
				);
				PRODUCT_BUNDLE_IDENTIFIER = com.HaleyJones.MovieSearch;
				PRODUCT_NAME = "$(TARGET_NAME)";
				SWIFT_VERSION = 5.0;
				TARGETED_DEVICE_FAMILY = "1,2";
			};
			name = Debug;
		};
		17BA1CC4228F045F003B6A63 /* Release */ = {
			isa = XCBuildConfiguration;
			buildSettings = {
				ASSETCATALOG_COMPILER_APPICON_NAME = AppIcon;
				CODE_SIGN_STYLE = Automatic;
				DEVELOPMENT_TEAM = 39YHWYH93Z;
				INFOPLIST_FILE = MovieSearch/Info.plist;
				LD_RUNPATH_SEARCH_PATHS = (
					"$(inherited)",
					"@executable_path/Frameworks",
				);
				PRODUCT_BUNDLE_IDENTIFIER = com.HaleyJones.MovieSearch;
				PRODUCT_NAME = "$(TARGET_NAME)";
				SWIFT_VERSION = 5.0;
				TARGETED_DEVICE_FAMILY = "1,2";
			};
			name = Release;
		};
/* End XCBuildConfiguration section */

/* Begin XCConfigurationList section */
		17BA1CA8228F045E003B6A63 /* Build configuration list for PBXProject "MovieSearch" */ = {
			isa = XCConfigurationList;
			buildConfigurations = (
				17BA1CC0228F045F003B6A63 /* Debug */,
				17BA1CC1228F045F003B6A63 /* Release */,
			);
			defaultConfigurationIsVisible = 0;
			defaultConfigurationName = Release;
		};
		17BA1CC2228F045F003B6A63 /* Build configuration list for PBXNativeTarget "MovieSearch" */ = {
			isa = XCConfigurationList;
			buildConfigurations = (
				17BA1CC3228F045F003B6A63 /* Debug */,
				17BA1CC4228F045F003B6A63 /* Release */,
			);
			defaultConfigurationIsVisible = 0;
			defaultConfigurationName = Release;
		};
/* End XCConfigurationList section */

/* Begin XCVersionGroup section */
		17BA1CB7228F045E003B6A63 /* MovieSearch.xcdatamodeld */ = {
			isa = XCVersionGroup;
			children = (
				17BA1CB8228F045E003B6A63 /* MovieSearch.xcdatamodel */,
			);
			currentVersion = 17BA1CB8228F045E003B6A63 /* MovieSearch.xcdatamodel */;
			path = MovieSearch.xcdatamodeld;
			sourceTree = "<group>";
			versionGroupType = wrapper.xcdatamodel;
		};
/* End XCVersionGroup section */
	};
	rootObject = 17BA1CA5228F045E003B6A63 /* Project object */;
}
